
Microsoft Visual Studio Solution File, Format Version 12.00
# Visual Studio Version 17
VisualStudioVersion = 17.0.32014.148
MinimumVisualStudioVersion = 10.0.40219.1
Project("{FAE04EC0-301F-11D3-BF4B-00C04F79EFBC}") = "Generics", "Generics\Generics.csproj", "{256CE98A-F572-45F9-891F-7BEE936CC941}"
EndProject
Global
	GlobalSection(SolutionConfigurationPlatforms) = preSolution
		Debug|Any CPU = Debug|Any CPU
		Release|Any CPU = Release|Any CPU
	EndGlobalSection
	GlobalSection(ProjectConfigurationPlatforms) = postSolution
		{256CE98A-F572-45F9-891F-7BEE936CC941}.Debug|Any CPU.ActiveCfg = Debug|Any CPU
		{256CE98A-F572-45F9-891F-7BEE936CC941}.Debug|Any CPU.Build.0 = Debug|Any CPU
		{256CE98A-F572-45F9-891F-7BEE936CC941}.Release|Any CPU.ActiveCfg = Release|Any CPU
		{256CE98A-F572-45F9-891F-7BEE936CC941}.Release|Any CPU.Build.0 = Release|Any CPU
	EndGlobalSection
	GlobalSection(SolutionProperties) = preSolution
		HideSolutionNode = FALSE
	EndGlobalSection
	GlobalSection(ExtensibilityGlobals) = postSolution
		SolutionGuid = {34066383-E12E-4DFA-9F7F-70DF959C4D00}
	EndGlobalSection
EndGlobal
